Microsoft Visual Studio Solution File, Format Version 12.00
# Visual Studio Version 17
VisualStudioVersion = 17.5.2.0
MinimumVisualStudioVersion = 10.0.40219.1
Project("{FAE04EC0-301F-11D3-BF4B-00C04F79EFBC}") = "probando", "probando\probando.csproj", "{4FE1108E-A206-3323-4503-024C81C19F88}"
EndProject
Global
	GlobalSection(SolutionConfigurationPlatforms) = preSolution
		Debug|Any CPU = Debug|Any CPU
		Release|Any CPU = Release|Any CPU
	EndGlobalSection
	GlobalSection(ProjectConfigurationPlatforms) = postSolution
		{4FE1108E-A206-3323-4503-024C81C19F88}.Debug|Any CPU.ActiveCfg = Debug|Any CPU
		{4FE1108E-A206-3323-4503-024C81C19F88}.Debug|Any CPU.Build.0 = Debug|Any CPU
		{4FE1108E-A206-3323-4503-024C81C19F88}.Release|Any CPU.ActiveCfg = Release|Any CPU
		{4FE1108E-A206-3323-4503-024C81C19F88}.Release|Any CPU.Build.0 = Release|Any CPU
	EndGlobalSection
	GlobalSection(SolutionProperties) = preSolution
		HideSolutionNode = FALSE
	EndGlobalSection
	GlobalSection(ExtensibilityGlobals) = postSolution
		SolutionGuid = {4C428FAB-B47A-4E24-84F9-98167E151489}
	EndGlobalSection
EndGlobal
